
Microsoft Visual Studio Solution File, Format Version 12.00
# Visual Studio 15
Project("{FAE04EC0-301F-11D3-BF4B-00C04F79EFBC}") = "Assembly-CSharp", "Assembly-CSharp.csproj", "{B207A730-C052-B95C-EF8C-E65BB848AC63}"
EndProject
Project("{FAE04EC0-301F-11D3-BF4B-00C04F79EFBC}") = "FMODUnity", "FMODUnity.csproj", "{5A9FB29E-02F3-103A-B4DF-B2078736DB76}"
EndProject
Project("{FAE04EC0-301F-11D3-BF4B-00C04F79EFBC}") = "FMODUnityResonance", "FMODUnityResonance.csproj", "{1991AF2D-D07E-AAE8-3BED-613EF75DFA69}"
EndProject
Project("{FAE04EC0-301F-11D3-BF4B-00C04F79EFBC}") = "FMODUnityEditor", "FMODUnityEditor.csproj", "{46743309-ECFD-103C-3DD6-58E7592E460E}"
EndProject
Project("{FAE04EC0-301F-11D3-BF4B-00C04F79EFBC}") = "FMODUnityResonanceEditor", "FMODUnityResonanceEditor.csproj", "{F3B30B68-4043-B4B9-DF18-29B9EA608027}"
EndProject
Project("{FAE04EC0-301F-11D3-BF4B-00C04F79EFBC}") = "Assembly-CSharp-Editor", "Assembly-CSharp-Editor.csproj", "{EF12CBBD-E01C-E9BF-290D-C64B3FD8B4D5}"
EndProject
Global
	GlobalSection(SolutionConfigurationPlatforms) = preSolution
		Debug|Any CPU = Debug|Any CPU
		Release|Any CPU = Release|Any CPU
	EndGlobalSection
	GlobalSection(ProjectConfigurationPlatforms) = postSolution
		{B207A730-C052-B95C-EF8C-E65BB848AC63}.Debug|Any CPU.ActiveCfg = Debug|Any CPU
		{B207A730-C052-B95C-EF8C-E65BB848AC63}.Debug|Any CPU.Build.0 = Debug|Any CPU
		{B207A730-C052-B95C-EF8C-E65BB848AC63}.Release|Any CPU.ActiveCfg = Release|Any CPU
		{B207A730-C052-B95C-EF8C-E65BB848AC63}.Release|Any CPU.Build.0 = Release|Any CPU
		{5A9FB29E-02F3-103A-B4DF-B2078736DB76}.Debug|Any CPU.ActiveCfg = Debug|Any CPU
		{5A9FB29E-02F3-103A-B4DF-B2078736DB76}.Debug|Any CPU.Build.0 = Debug|Any CPU
		{5A9FB29E-02F3-103A-B4DF-B2078736DB76}.Release|Any CPU.ActiveCfg = Release|Any CPU
		{5A9FB29E-02F3-103A-B4DF-B2078736DB76}.Release|Any CPU.Build.0 = Release|Any CPU
		{1991AF2D-D07E-AAE8-3BED-613EF75DFA69}.Debug|Any CPU.ActiveCfg = Debug|Any CPU
		{1991AF2D-D07E-AAE8-3BED-613EF75DFA69}.Debug|Any CPU.Build.0 = Debug|Any CPU
		{1991AF2D-D07E-AAE8-3BED-613EF75DFA69}.Release|Any CPU.ActiveCfg = Release|Any CPU
		{1991AF2D-D07E-AAE8-3BED-613EF75DFA69}.Release|Any CPU.Build.0 = Release|Any CPU
		{46743309-ECFD-103C-3DD6-58E7592E460E}.Debug|Any CPU.ActiveCfg = Debug|Any CPU
		{46743309-ECFD-103C-3DD6-58E7592E460E}.Debug|Any CPU.Build.0 = Debug|Any CPU
		{46743309-ECFD-103C-3DD6-58E7592E460E}.Release|Any CPU.ActiveCfg = Release|Any CPU
		{46743309-ECFD-103C-3DD6-58E7592E460E}.Release|Any CPU.Build.0 = Release|Any CPU
		{F3B30B68-4043-B4B9-DF18-29B9EA608027}.Debug|Any CPU.ActiveCfg = Debug|Any CPU
		{F3B30B68-4043-B4B9-DF18-29B9EA608027}.Debug|Any CPU.Build.0 = Debug|Any CPU
		{F3B30B68-4043-B4B9-DF18-29B9EA608027}.Release|Any CPU.ActiveCfg = Release|Any CPU
		{F3B30B68-4043-B4B9-DF18-29B9EA608027}.Release|Any CPU.Build.0 = Release|Any CPU
		{EF12CBBD-E01C-E9BF-290D-C64B3FD8B4D5}.Debug|Any CPU.ActiveCfg = Debug|Any CPU
		{EF12CBBD-E01C-E9BF-290D-C64B3FD8B4D5}.Debug|Any CPU.Build.0 = Debug|Any CPU
		{EF12CBBD-E01C-E9BF-290D-C64B3FD8B4D5}.Release|Any CPU.ActiveCfg = Release|Any CPU
		{EF12CBBD-E01C-E9BF-290D-C64B3FD8B4D5}.Release|Any CPU.Build.0 = Release|Any CPU
	EndGlobalSection
	GlobalSection(SolutionProperties) = preSolution
		HideSolutionNode = FALSE
	EndGlobalSection
EndGlobal
